// !$*UTF8*$!
{
	archiveVersion = 1;
	classes = {
	};
	objectVersion = 51;
	objects = {

/* Begin PBXBuildFile section */
		6F0D16B4669BAFECA690FA09 /* Pods_DressAsistant.framework in Frameworks */ = {isa = PBXBuildFile; fileRef = AA2CCBB023AA416F47224652 /* Pods_DressAsistant.framework */; };
		D4C3F2198A8F6DAFE6595EA3 /* Pods_DressAsistantUITests.framework in Frameworks */ = {isa = PBXBuildFile; fileRef = 19DC0707AD195C8CEEBC19C3 /* Pods_DressAsistantUITests.framework */; };
		EE2C9FAD22DF990D00694032 /* ItemCollectionViewCell.swift in Sources */ = {isa = PBXBuildFile; fileRef = EE2C9FAC22DF990D00694032 /* ItemCollectionViewCell.swift */; };
		EE2C9FAF22DFA8BD00694032 /* NFCReaderViewController.swift in Sources */ = {isa = PBXBuildFile; fileRef = EE2C9FAE22DFA8BD00694032 /* NFCReaderViewController.swift */; };
		EE55C72822E878000075803C /* OutfitViewController.swift in Sources */ = {isa = PBXBuildFile; fileRef = EE55C72722E878000075803C /* OutfitViewController.swift */; };
		EE55C72A22E8C1EC0075803C /* ItemsCollectionLayout.swift in Sources */ = {isa = PBXBuildFile; fileRef = EE55C72922E8C1EC0075803C /* ItemsCollectionLayout.swift */; };
		EE55C72C22E8E7CC0075803C /* OutfitsCollectionViewController.swift in Sources */ = {isa = PBXBuildFile; fileRef = EE55C72B22E8E7CC0075803C /* OutfitsCollectionViewController.swift */; };
		EE55C72E22E8EA570075803C /* OutfitCollectionViewCell.swift in Sources */ = {isa = PBXBuildFile; fileRef = EE55C72D22E8EA570075803C /* OutfitCollectionViewCell.swift */; };
		EE56050422AC3F1B00C0096B /* AssistantSignUp.storyboard in Resources */ = {isa = PBXBuildFile; fileRef = EE5604FF22AC3E7C00C0096B /* AssistantSignUp.storyboard */; };
		EE56050622AC660E00C0096B /* RoundedButton.swift in Sources */ = {isa = PBXBuildFile; fileRef = EE56050522AC660E00C0096B /* RoundedButton.swift */; };
		EE56050822AC6A6A00C0096B /* UserService.swift in Sources */ = {isa = PBXBuildFile; fileRef = EE56050722AC6A6A00C0096B /* UserService.swift */; };
		EE56050A22AC706700C0096B /* ImageCache.swift in Sources */ = {isa = PBXBuildFile; fileRef = EE56050922AC706700C0096B /* ImageCache.swift */; };
		EE56050C22AC721100C0096B /* AsyncImageView.swift in Sources */ = {isa = PBXBuildFile; fileRef = EE56050B22AC721100C0096B /* AsyncImageView.swift */; };
		EE56050E22AC72CB00C0096B /* FileService.swift in Sources */ = {isa = PBXBuildFile; fileRef = EE56050D22AC72CB00C0096B /* FileService.swift */; };
		EE56051122AC91C500C0096B /* CustomErrors.swift in Sources */ = {isa = PBXBuildFile; fileRef = EE56051022AC91C500C0096B /* CustomErrors.swift */; };
		EE56051322ADB58000C0096B /* LoadingView.swift in Sources */ = {isa = PBXBuildFile; fileRef = EE56051222ADB58000C0096B /* LoadingView.swift */; };
		EE56051622ADC33400C0096B /* Affiliate.storyboard in Resources */ = {isa = PBXBuildFile; fileRef = EE56051522ADC33400C0096B /* Affiliate.storyboard */; };
		EE56051822ADC7D500C0096B /* AffiliateViewController.swift in Sources */ = {isa = PBXBuildFile; fileRef = EE56051722ADC7D500C0096B /* AffiliateViewController.swift */; };
		EE56051A22ADE48E00C0096B /* GradientView.swift in Sources */ = {isa = PBXBuildFile; fileRef = EE56051922ADE48E00C0096B /* GradientView.swift */; };
		EE56051D22ADF1E800C0096B /* Affiliate.swift in Sources */ = {isa = PBXBuildFile; fileRef = EE56051C22ADF1E800C0096B /* Affiliate.swift */; };
		EE83C5212295591D0046C43C /* ClothesDetailViewController.swift in Sources */ = {isa = PBXBuildFile; fileRef = EE83C5202295591D0046C43C /* ClothesDetailViewController.swift */; };
		EE83C5252298BC9C0046C43C /* UIHelper.swift in Sources */ = {isa = PBXBuildFile; fileRef = EE83C5242298BC9C0046C43C /* UIHelper.swift */; };
		EE83C5272298F7EA0046C43C /* NotificationsName.swift in Sources */ = {isa = PBXBuildFile; fileRef = EE83C5262298F7EA0046C43C /* NotificationsName.swift */; };
		EE83C52F22996EFF0046C43C /* Localizable.strings in Resources */ = {isa = PBXBuildFile; fileRef = EE83C53122996EFF0046C43C /* Localizable.strings */; };
		EE83C53E229979080046C43C /* BaseViewController.swift in Sources */ = {isa = PBXBuildFile; fileRef = EE83C53D229979080046C43C /* BaseViewController.swift */; };
		EE83C540229985440046C43C /* FinderViewController.swift in Sources */ = {isa = PBXBuildFile; fileRef = EE83C53F229985440046C43C /* FinderViewController.swift */; };
		EE83C542229986830046C43C /* OptionDetailViewController.swift in Sources */ = {isa = PBXBuildFile; fileRef = EE83C541229986830046C43C /* OptionDetailViewController.swift */; };
		EE83C544229987100046C43C /* RecommendationViewController.swift in Sources */ = {isa = PBXBuildFile; fileRef = EE83C543229987100046C43C /* RecommendationViewController.swift */; };
		EE83C54622998D450046C43C /* UIConstants.swift in Sources */ = {isa = PBXBuildFile; fileRef = EE83C54522998D450046C43C /* UIConstants.swift */; };
		EE83C54A229B8B580046C43C /* MosaicLayout.swift in Sources */ = {isa = PBXBuildFile; fileRef = EE83C548229B8B580046C43C /* MosaicLayout.swift */; };
		EE83C54B229B8B580046C43C /* ColumnFlowLayout.swift in Sources */ = {isa = PBXBuildFile; fileRef = EE83C549229B8B580046C43C /* ColumnFlowLayout.swift */; };
		EE83C54E229B8BBC0046C43C /* Utilities.swift in Sources */ = {isa = PBXBuildFile; fileRef = EE83C54D229B8BBC0046C43C /* Utilities.swift */; };
		EE95C7BC22A067A6009BCFDA /* NewUserViewController.swift in Sources */ = {isa = PBXBuildFile; fileRef = EE95C7BB22A067A6009BCFDA /* NewUserViewController.swift */; };
		EEA6701722D0E35F0002FE3D /* SkinColorService.swift in Sources */ = {isa = PBXBuildFile; fileRef = EEA6701622D0E35F0002FE3D /* SkinColorService.swift */; };
		EEA6701922D0E3A40002FE3D /* SkinColor.swift in Sources */ = {isa = PBXBuildFile; fileRef = EEA6701822D0E3A40002FE3D /* SkinColor.swift */; };
		EEA6701B22D0E4210002FE3D /* UIColor+Hex.swift in Sources */ = {isa = PBXBuildFile; fileRef = EEA6701A22D0E4210002FE3D /* UIColor+Hex.swift */; };
		EEA6701D22D1013C0002FE3D /* RoundedView.swift in Sources */ = {isa = PBXBuildFile; fileRef = EEA6701C22D1013C0002FE3D /* RoundedView.swift */; };
		EEA6701F22D10AF20002FE3D /* PhotoPickerDelegate.swift in Sources */ = {isa = PBXBuildFile; fileRef = EEA6701E22D10AF20002FE3D /* PhotoPickerDelegate.swift */; };
		EEA6702122D11D1B0002FE3D /* AffiliateCardViewController.swift in Sources */ = {isa = PBXBuildFile; fileRef = EEA6702022D11D1B0002FE3D /* AffiliateCardViewController.swift */; };
		EEACC06F22B6DE5B00C37990 /* AffiliateService.swift in Sources */ = {isa = PBXBuildFile; fileRef = EEACC06E22B6DE5B00C37990 /* AffiliateService.swift */; };
		EEACC07122B6FC5600C37990 /* ChoosePictureAlertViewController.swift in Sources */ = {isa = PBXBuildFile; fileRef = EEACC07022B6FC5600C37990 /* ChoosePictureAlertViewController.swift */; };
		EEACC07322B873C000C37990 /* HairStyleService.swift in Sources */ = {isa = PBXBuildFile; fileRef = EEACC07222B873C000C37990 /* HairStyleService.swift */; };
		EEACC07522B9CED600C37990 /* HairColor.swift in Sources */ = {isa = PBXBuildFile; fileRef = EEACC07422B9CED600C37990 /* HairColor.swift */; };
		EEACC07722BAAAA800C37990 /* EyeColorService.swift in Sources */ = {isa = PBXBuildFile; fileRef = EEACC07622BAAAA800C37990 /* EyeColorService.swift */; };
		EEACC07922BAAADD00C37990 /* EyeColor.swift in Sources */ = {isa = PBXBuildFile; fileRef = EEACC07822BAAADD00C37990 /* EyeColor.swift */; };
		EEACC07B22BBE81D00C37990 /* OptionPickerViewController.swift in Sources */ = {isa = PBXBuildFile; fileRef = EEACC07A22BBE81D00C37990 /* OptionPickerViewController.swift */; };
		EEACC07F22BBEB4A00C37990 /* OptionCollectionViewCell.swift in Sources */ = {isa = PBXBuildFile; fileRef = EEACC07E22BBEB4A00C37990 /* OptionCollectionViewCell.swift */; };
		EEACC08122BBEF4C00C37990 /* Option.swift in Sources */ = {isa = PBXBuildFile; fileRef = EEACC08022BBEF4C00C37990 /* Option.swift */; };
		EEAD78FC22AAD9350060F3E6 /* AssistantSignUpViewController.swift in Sources */ = {isa = PBXBuildFile; fileRef = EEAD78FB22AAD9350060F3E6 /* AssistantSignUpViewController.swift */; };
		EEAD790022AB5BCC0060F3E6 /* AuthService.swift in Sources */ = {isa = PBXBuildFile; fileRef = EEAD78FF22AB5BCC0060F3E6 /* AuthService.swift */; };
		EEAD790222AC06800060F3E6 /* GoogleService-Info.plist in Resources */ = {isa = PBXBuildFile; fileRef = EEAD790122AC06800060F3E6 /* GoogleService-Info.plist */; };
		EEAD790422AC10550060F3E6 /* CreateAccountViewController.swift in Sources */ = {isa = PBXBuildFile; fileRef = EEAD790322AC10550060F3E6 /* CreateAccountViewController.swift */; };
		EEAD790622AC2B330060F3E6 /* RoundImageView.swift in Sources */ = {isa = PBXBuildFile; fileRef = EEAD790522AC2B330060F3E6 /* RoundImageView.swift */; };
		EEC003A22311F31D00827769 /* ScannerViewController.swift in Sources */ = {isa = PBXBuildFile; fileRef = EEC003A12311F31D00827769 /* ScannerViewController.swift */; };
		EEC004122312E51D00827769 /* SelectUserTypeViewController.swift in Sources */ = {isa = PBXBuildFile; fileRef = EEC004112312E51D00827769 /* SelectUserTypeViewController.swift */; };
		EEC004142313254800827769 /* CoreNFC.framework in Frameworks */ = {isa = PBXBuildFile; fileRef = EEC004132313254800827769 /* CoreNFC.framework */; settings = {ATTRIBUTES = (Weak, ); }; };
		EECB329922DBF454009D91BF /* UIViewControllerScrollable.swift in Sources */ = {isa = PBXBuildFile; fileRef = EECB329822DBF454009D91BF /* UIViewControllerScrollable.swift */; };
		EECB329B22DC1263009D91BF /* Item.swift in Sources */ = {isa = PBXBuildFile; fileRef = EECB329A22DC1263009D91BF /* Item.swift */; };
		EECB329D22DC1456009D91BF /* ItemViewController.swift in Sources */ = {isa = PBXBuildFile; fileRef = EECB329C22DC1456009D91BF /* ItemViewController.swift */; };
		EECB329F22DCC7A3009D91BF /* InventoryViewController.swift in Sources */ = {isa = PBXBuildFile; fileRef = EECB329E22DCC7A3009D91BF /* InventoryViewController.swift */; };
		EECB9BA522F0F7C600100234 /* OutfitsFilterTableViewController.swift in Sources */ = {isa = PBXBuildFile; fileRef = EECB9BA422F0F7C600100234 /* OutfitsFilterTableViewController.swift */; };
		EED297E322E3E13800710814 /* ModalView.swift in Sources */ = {isa = PBXBuildFile; fileRef = EED297E222E3E13800710814 /* ModalView.swift */; };
		EED297E522E5257F00710814 /* Outfit.swift in Sources */ = {isa = PBXBuildFile; fileRef = EED297E422E5257F00710814 /* Outfit.swift */; };
		EED297E722E52B1700710814 /* OutfitService.swift in Sources */ = {isa = PBXBuildFile; fileRef = EED297E622E52B1700710814 /* OutfitService.swift */; };
		EED5CE4022F5DD6800257AA1 /* AppManager.swift in Sources */ = {isa = PBXBuildFile; fileRef = EED5CE3F22F5DD6800257AA1 /* AppManager.swift */; };
		EED5CE4222F5F7E900257AA1 /* WeatherService.swift in Sources */ = {isa = PBXBuildFile; fileRef = EED5CE4122F5F7E900257AA1 /* WeatherService.swift */; };
		EED5CE4422F6257B00257AA1 /* RecomendationItemViewController.swift in Sources */ = {isa = PBXBuildFile; fileRef = EED5CE4322F6257B00257AA1 /* RecomendationItemViewController.swift */; };
		EED5CE4822F631B900257AA1 /* WeatherResponse.swift in Sources */ = {isa = PBXBuildFile; fileRef = EED5CE4722F631B900257AA1 /* WeatherResponse.swift */; };
		EED5CE4A22F63AB500257AA1 /* HomeViewController.swift in Sources */ = {isa = PBXBuildFile; fileRef = EED5CE4922F63AB500257AA1 /* HomeViewController.swift */; };
		EED5CE4D22F6B47B00257AA1 /* EventTypePickerTableViewController.swift in Sources */ = {isa = PBXBuildFile; fileRef = EED5CE4C22F6B47B00257AA1 /* EventTypePickerTableViewController.swift */; };
		EEE1D48E22D2C52C00EF78D0 /* AffiliatesListViewController.swift in Sources */ = {isa = PBXBuildFile; fileRef = EEE1D48D22D2C52C00EF78D0 /* AffiliatesListViewController.swift */; };
		EEE1D49022D2C6BC00EF78D0 /* AffiliateTableViewCell.swift in Sources */ = {isa = PBXBuildFile; fileRef = EEE1D48F22D2C6BC00EF78D0 /* AffiliateTableViewCell.swift */; };
		EEE1D49822DBA28700EF78D0 /* ItemService.swift in Sources */ = {isa = PBXBuildFile; fileRef = EEE1D49722DBA28700EF78D0 /* ItemService.swift */; };
		EEF6C8CE22EA02E400D62FC4 /* ItemsPictureViewController.swift in Sources */ = {isa = PBXBuildFile; fileRef = EEF6C8CD22EA02E400D62FC4 /* ItemsPictureViewController.swift */; };
		EEF6C8D022EBDED200D62FC4 /* UIStackView+RemoveAll.swift in Sources */ = {isa = PBXBuildFile; fileRef = EEF6C8CF22EBDED200D62FC4 /* UIStackView+RemoveAll.swift */; };
		EEF855F82289FCDA005E5B5C /* AppDelegate.swift in Sources */ = {isa = PBXBuildFile; fileRef = EEF855F72289FCDA005E5B5C /* AppDelegate.swift */; };
		EEF855FD2289FCDA005E5B5C /* Main.storyboard in Resources */ = {isa = PBXBuildFile; fileRef = EEF855FB2289FCDA005E5B5C /* Main.storyboard */; };
		EEF855FF2289FCDB005E5B5C /* Assets.xcassets in Resources */ = {isa = PBXBuildFile; fileRef = EEF855FE2289FCDB005E5B5C /* Assets.xcassets */; };
		EEF856022289FCDB005E5B5C /* LaunchScreen.storyboard in Resources */ = {isa = PBXBuildFile; fileRef = EEF856002289FCDB005E5B5C /* LaunchScreen.storyboard */; };
		EEF8560D2289FCDC005E5B5C /* DressAsistantUITests.swift in Sources */ = {isa = PBXBuildFile; fileRef = EEF8560C2289FCDC005E5B5C /* DressAsistantUITests.swift */; };
		EEF8566C228ADA04005E5B5C /* BaseNavigationViewController.swift in Sources */ = {isa = PBXBuildFile; fileRef = EEF8566B228ADA04005E5B5C /* BaseNavigationViewController.swift */; };
		EEF8566F228AF0DE005E5B5C /* CustomColor.swift in Sources */ = {isa = PBXBuildFile; fileRef = EEF8566E228AF0DE005E5B5C /* CustomColor.swift */; };
/* End PBXBuildFile section */

/* Begin PBXContainerItemProxy section */
		EEF856092289FCDB005E5B5C /* PBXContainerItemProxy */ = {
			isa = PBXContainerItemProxy;
			containerPortal = EEF855EC2289FCDA005E5B5C /* Project object */;
			proxyType = 1;
			remoteGlobalIDString = EEF855F32289FCDA005E5B5C;
			remoteInfo = DressAsistant;
		};
/* End PBXContainerItemProxy section */

/* Begin PBXFileReference section */
		19DC0707AD195C8CEEBC19C3 /* Pods_DressAsistantUITests.framework */ = {isa = PBXFileReference; explicitFileType = wrapper.framework; includeInIndex = 0; path = Pods_DressAsistantUITests.framework; sourceTree = BUILT_PRODUCTS_DIR; };
		1A3F34D6CF30EE7E75D549F5 /* Pods-DressAsistantUITests.debug.xcconfig */ = {isa = PBXFileReference; includeInIndex = 1; lastKnownFileType = text.xcconfig; name = "Pods-DressAsistantUITests.debug.xcconfig"; path = "Target Support Files/Pods-DressAsistantUITests/Pods-DressAsistantUITests.debug.xcconfig"; sourceTree = "<group>"; };
		4038FA6893DA35F1C67AB3E0 /* Pods-DressAsistant.release.xcconfig */ = {isa = PBXFileReference; includeInIndex = 1; lastKnownFileType = text.xcconfig; name = "Pods-DressAsistant.release.xcconfig"; path = "Target Support Files/Pods-DressAsistant/Pods-DressAsistant.release.xcconfig"; sourceTree = "<group>"; };
		A48AD236D1B6D5E046922A68 /* Pods-DressAsistant.debug.xcconfig */ = {isa = PBXFileReference; includeInIndex = 1; lastKnownFileType = text.xcconfig; name = "Pods-DressAsistant.debug.xcconfig"; path = "Target Support Files/Pods-DressAsistant/Pods-DressAsistant.debug.xcconfig"; sourceTree = "<group>"; };
		AA2CCBB023AA416F47224652 /* Pods_DressAsistant.framework */ = {isa = PBXFileReference; explicitFileType = wrapper.framework; includeInIndex = 0; path = Pods_DressAsistant.framework; sourceTree = BUILT_PRODUCTS_DIR; };
		BD27FA11FA46D90B784B3F4E /* Pods-DressAsistantUITests.release.xcconfig */ = {isa = PBXFileReference; includeInIndex = 1; lastKnownFileType = text.xcconfig; name = "Pods-DressAsistantUITests.release.xcconfig"; path = "Target Support Files/Pods-DressAsistantUITests/Pods-DressAsistantUITests.release.xcconfig"; sourceTree = "<group>"; };
		EE2C9FAC22DF990D00694032 /* ItemCollectionViewCell.swift */ = {isa = PBXFileReference; lastKnownFileType = sourcecode.swift; path = ItemCollectionViewCell.swift; sourceTree = "<group>"; };
		EE2C9FAE22DFA8BD00694032 /* NFCReaderViewController.swift */ = {isa = PBXFileReference; lastKnownFileType = sourcecode.swift; path = NFCReaderViewController.swift; sourceTree = "<group>"; };
		EE55C72722E878000075803C /* OutfitViewController.swift */ = {isa = PBXFileReference; lastKnownFileType = sourcecode.swift; path = OutfitViewController.swift; sourceTree = "<group>"; };
		EE55C72922E8C1EC0075803C /* ItemsCollectionLayout.swift */ = {isa = PBXFileReference; lastKnownFileType = sourcecode.swift; path = ItemsCollectionLayout.swift; sourceTree = "<group>"; };
		EE55C72B22E8E7CC0075803C /* OutfitsCollectionViewController.swift */ = {isa = PBXFileReference; lastKnownFileType = sourcecode.swift; path = OutfitsCollectionViewController.swift; sourceTree = "<group>"; };
		EE55C72D22E8EA570075803C /* OutfitCollectionViewCell.swift */ = {isa = PBXFileReference; lastKnownFileType = sourcecode.swift; path = OutfitCollectionViewCell.swift; sourceTree = "<group>"; };
		EE5604FE22AC3E7C00C0096B /* Base */ = {isa = PBXFileReference; lastKnownFileType = file.storyboard; name = Base; path = Base.lproj/AssistantSignUp.storyboard; sourceTree = "<group>"; };
		EE56050122AC3EAD00C0096B /* en */ = {isa = PBXFileReference; lastKnownFileType = text.plist.strings; name = en; path = en.lproj/AssistantSignUp.strings; sourceTree = "<group>"; };
		EE56050322AC3EAE00C0096B /* es */ = {isa = PBXFileReference; lastKnownFileType = text.plist.strings; name = es; path = es.lproj/AssistantSignUp.strings; sourceTree = "<group>"; };
		EE56050522AC660E00C0096B /* RoundedButton.swift */ = {isa = PBXFileReference; lastKnownFileType = sourcecode.swift; path = RoundedButton.swift; sourceTree = "<group>"; };
		EE56050722AC6A6A00C0096B /* UserService.swift */ = {isa = PBXFileReference; lastKnownFileType = sourcecode.swift; path = UserService.swift; sourceTree = "<group>"; };
		EE56050922AC706700C0096B /* ImageCache.swift */ = {isa = PBXFileReference; lastKnownFileType = sourcecode.swift; path = ImageCache.swift; sourceTree = "<group>"; };
		EE56050B22AC721100C0096B /* AsyncImageView.swift */ = {isa = PBXFileReference; lastKnownFileType = sourcecode.swift; path = AsyncImageView.swift; sourceTree = "<group>"; };
		EE56050D22AC72CB00C0096B /* FileService.swift */ = {isa = PBXFileReference; lastKnownFileType = sourcecode.swift; path = FileService.swift; sourceTree = "<group>"; };
		EE56051022AC91C500C0096B /* CustomErrors.swift */ = {isa = PBXFileReference; lastKnownFileType = sourcecode.swift; path = CustomErrors.swift; sourceTree = "<group>"; };
		EE56051222ADB58000C0096B /* LoadingView.swift */ = {isa = PBXFileReference; lastKnownFileType = sourcecode.swift; path = LoadingView.swift; sourceTree = "<group>"; };
		EE56051522ADC33400C0096B /* Affiliate.storyboard */ = {isa = PBXFileReference; lastKnownFileType = file.storyboard; path = Affiliate.storyboard; sourceTree = "<group>"; };
		EE56051722ADC7D500C0096B /* AffiliateViewController.swift */ = {isa = PBXFileReference; lastKnownFileType = sourcecode.swift; path = AffiliateViewController.swift; sourceTree = "<group>"; };
		EE56051922ADE48E00C0096B /* GradientView.swift */ = {isa = PBXFileReference; lastKnownFileType = sourcecode.swift; path = GradientView.swift; sourceTree = "<group>"; };
		EE56051C22ADF1E800C0096B /* Affiliate.swift */ = {isa = PBXFileReference; lastKnownFileType = sourcecode.swift; path = Affiliate.swift; sourceTree = "<group>"; };
		EE83C5202295591D0046C43C /* ClothesDetailViewController.swift */ = {isa = PBXFileReference; lastKnownFileType = sourcecode.swift; path = ClothesDetailViewController.swift; sourceTree = "<group>"; };
		EE83C5242298BC9C0046C43C /* UIHelper.swift */ = {isa = PBXFileReference; lastKnownFileType = sourcecode.swift; path = UIHelper.swift; sourceTree = "<group>"; };
		EE83C5262298F7EA0046C43C /* NotificationsName.swift */ = {isa = PBXFileReference; lastKnownFileType = sourcecode.swift; path = NotificationsName.swift; sourceTree = "<group>"; };
		EE83C53022996EFF0046C43C /* en */ = {isa = PBXFileReference; lastKnownFileType = text.plist.strings; name = en; path = en.lproj/Localizable.strings; sourceTree = "<group>"; };
		EE83C539229970E70046C43C /* es */ = {isa = PBXFileReference; lastKnownFileType = text.plist.strings; name = es; path = es.lproj/Main.strings; sourceTree = "<group>"; };
		EE83C53A229970E70046C43C /* es */ = {isa = PBXFileReference; lastKnownFileType = text.plist.strings; name = es; path = es.lproj/LaunchScreen.strings; sourceTree = "<group>"; };
		EE83C53B229970E70046C43C /* es */ = {isa = PBXFileReference; lastKnownFileType = text.plist.strings; name = es; path = es.lproj/Localizable.strings; sourceTree = "<group>"; };
		EE83C53D229979080046C43C /* BaseViewController.swift */ = {isa = PBXFileReference; lastKnownFileType = sourcecode.swift; path = BaseViewController.swift; sourceTree = "<group>"; };
		EE83C53F229985440046C43C /* FinderViewController.swift */ = {isa = PBXFileReference; lastKnownFileType = sourcecode.swift; path = FinderViewController.swift; sourceTree = "<group>"; };
		EE83C541229986830046C43C /* OptionDetailViewController.swift */ = {isa = PBXFileReference; lastKnownFileType = sourcecode.swift; path = OptionDetailViewController.swift; sourceTree = "<group>"; };
		EE83C543229987100046C43C /* RecommendationViewController.swift */ = {isa = PBXFileReference; lastKnownFileType = sourcecode.swift; path = RecommendationViewController.swift; sourceTree = "<group>"; };
		EE83C54522998D450046C43C /* UIConstants.swift */ = {isa = PBXFileReference; lastKnownFileType = sourcecode.swift; path = UIConstants.swift; sourceTree = "<group>"; };
		EE83C548229B8B580046C43C /* MosaicLayout.swift */ = {isa = PBXFileReference; fileEncoding = 4; lastKnownFileType = sourcecode.swift; path = MosaicLayout.swift; sourceTree = "<group>"; };
		EE83C549229B8B580046C43C /* ColumnFlowLayout.swift */ = {isa = PBXFileReference; fileEncoding = 4; lastKnownFileType = sourcecode.swift; path = ColumnFlowLayout.swift; sourceTree = "<group>"; };
		EE83C54D229B8BBC0046C43C /* Utilities.swift */ = {isa = PBXFileReference; lastKnownFileType = sourcecode.swift; path = Utilities.swift; sourceTree = "<group>"; };
		EE95C7BB22A067A6009BCFDA /* NewUserViewController.swift */ = {isa = PBXFileReference; lastKnownFileType = sourcecode.swift; path = NewUserViewController.swift; sourceTree = "<group>"; };
		EEA6701622D0E35F0002FE3D /* SkinColorService.swift */ = {isa = PBXFileReference; lastKnownFileType = sourcecode.swift; path = SkinColorService.swift; sourceTree = "<group>"; };
		EEA6701822D0E3A40002FE3D /* SkinColor.swift */ = {isa = PBXFileReference; lastKnownFileType = sourcecode.swift; path = SkinColor.swift; sourceTree = "<group>"; };
		EEA6701A22D0E4210002FE3D /* UIColor+Hex.swift */ = {isa = PBXFileReference; lastKnownFileType = sourcecode.swift; path = "UIColor+Hex.swift"; sourceTree = "<group>"; };
		EEA6701C22D1013C0002FE3D /* RoundedView.swift */ = {isa = PBXFileReference; lastKnownFileType = sourcecode.swift; path = RoundedView.swift; sourceTree = "<group>"; };
		EEA6701E22D10AF20002FE3D /* PhotoPickerDelegate.swift */ = {isa = PBXFileReference; lastKnownFileType = sourcecode.swift; path = PhotoPickerDelegate.swift; sourceTree = "<group>"; };
		EEA6702022D11D1B0002FE3D /* AffiliateCardViewController.swift */ = {isa = PBXFileReference; lastKnownFileType = sourcecode.swift; path = AffiliateCardViewController.swift; sourceTree = "<group>"; };
		EEACC06E22B6DE5B00C37990 /* AffiliateService.swift */ = {isa = PBXFileReference; lastKnownFileType = sourcecode.swift; path = AffiliateService.swift; sourceTree = "<group>"; };
		EEACC07022B6FC5600C37990 /* ChoosePictureAlertViewController.swift */ = {isa = PBXFileReference; lastKnownFileType = sourcecode.swift; path = ChoosePictureAlertViewController.swift; sourceTree = "<group>"; };
		EEACC07222B873C000C37990 /* HairStyleService.swift */ = {isa = PBXFileReference; lastKnownFileType = sourcecode.swift; path = HairStyleService.swift; sourceTree = "<group>"; };
		EEACC07422B9CED600C37990 /* HairColor.swift */ = {isa = PBXFileReference; lastKnownFileType = sourcecode.swift; path = HairColor.swift; sourceTree = "<group>"; };
		EEACC07622BAAAA800C37990 /* EyeColorService.swift */ = {isa = PBXFileReference; lastKnownFileType = sourcecode.swift; path = EyeColorService.swift; sourceTree = "<group>"; };
		EEACC07822BAAADD00C37990 /* EyeColor.swift */ = {isa = PBXFileReference; lastKnownFileType = sourcecode.swift; path = EyeColor.swift; sourceTree = "<group>"; };
		EEACC07A22BBE81D00C37990 /* OptionPickerViewController.swift */ = {isa = PBXFileReference; lastKnownFileType = sourcecode.swift; path = OptionPickerViewController.swift; sourceTree = "<group>"; };
		EEACC07E22BBEB4A00C37990 /* OptionCollectionViewCell.swift */ = {isa = PBXFileReference; lastKnownFileType = sourcecode.swift; path = OptionCollectionViewCell.swift; sourceTree = "<group>"; };
		EEACC08022BBEF4C00C37990 /* Option.swift */ = {isa = PBXFileReference; lastKnownFileType = sourcecode.swift; path = Option.swift; sourceTree = "<group>"; };
		EEAD78FB22AAD9350060F3E6 /* AssistantSignUpViewController.swift */ = {isa = PBXFileReference; lastKnownFileType = sourcecode.swift; path = AssistantSignUpViewController.swift; sourceTree = "<group>"; };
		EEAD78FD22AAE1AB0060F3E6 /* DressAsistant.entitlements */ = {isa = PBXFileReference; lastKnownFileType = text.plist.entitlements; path = DressAsistant.entitlements; sourceTree = "<group>"; };
		EEAD78FF22AB5BCC0060F3E6 /* AuthService.swift */ = {isa = PBXFileReference; lastKnownFileType = sourcecode.swift; path = AuthService.swift; sourceTree = "<group>"; };
		EEAD790122AC06800060F3E6 /* GoogleService-Info.plist */ = {isa = PBXFileReference; fileEncoding = 4; lastKnownFileType = text.plist.xml; path = "GoogleService-Info.plist"; sourceTree = "<group>"; };
		EEAD790322AC10550060F3E6 /* CreateAccountViewController.swift */ = {isa = PBXFileReference; lastKnownFileType = sourcecode.swift; path = CreateAccountViewController.swift; sourceTree = "<group>"; };
		EEAD790522AC2B330060F3E6 /* RoundImageView.swift */ = {isa = PBXFileReference; lastKnownFileType = sourcecode.swift; path = RoundImageView.swift; sourceTree = "<group>"; };
		EEC003A12311F31D00827769 /* ScannerViewController.swift */ = {isa = PBXFileReference; lastKnownFileType = sourcecode.swift; path = ScannerViewController.swift; sourceTree = "<group>"; };
		EEC004112312E51D00827769 /* SelectUserTypeViewController.swift */ = {isa = PBXFileReference; lastKnownFileType = sourcecode.swift; path = SelectUserTypeViewController.swift; sourceTree = "<group>"; };
		EEC004132313254800827769 /* CoreNFC.framework */ = {isa = PBXFileReference; lastKnownFileType = wrapper.framework; name = CoreNFC.framework; path = System/Library/Frameworks/CoreNFC.framework; sourceTree = SDKROOT; };
		EECB329822DBF454009D91BF /* UIViewControllerScrollable.swift */ = {isa = PBXFileReference; lastKnownFileType = sourcecode.swift; path = UIViewControllerScrollable.swift; sourceTree = "<group>"; };
		EECB329A22DC1263009D91BF /* Item.swift */ = {isa = PBXFileReference; fileEncoding = 4; lastKnownFileType = sourcecode.swift; path = Item.swift; sourceTree = "<group>"; };
		EECB329C22DC1456009D91BF /* ItemViewController.swift */ = {isa = PBXFileReference; fileEncoding = 4; lastKnownFileType = sourcecode.swift; path = ItemViewController.swift; sourceTree = "<group>"; };
		EECB329E22DCC7A3009D91BF /* InventoryViewController.swift */ = {isa = PBXFileReference; lastKnownFileType = sourcecode.swift; path = InventoryViewController.swift; sourceTree = "<group>"; };
		EECB9BA422F0F7C600100234 /* OutfitsFilterTableViewController.swift */ = {isa = PBXFileReference; lastKnownFileType = sourcecode.swift; path = OutfitsFilterTableViewController.swift; sourceTree = "<group>"; };
		EED297E222E3E13800710814 /* ModalView.swift */ = {isa = PBXFileReference; lastKnownFileType = sourcecode.swift; path = ModalView.swift; sourceTree = "<group>"; };
		EED297E422E5257F00710814 /* Outfit.swift */ = {isa = PBXFileReference; lastKnownFileType = sourcecode.swift; path = Outfit.swift; sourceTree = "<group>"; };
		EED297E622E52B1700710814 /* OutfitService.swift */ = {isa = PBXFileReference; lastKnownFileType = sourcecode.swift; path = OutfitService.swift; sourceTree = "<group>"; };
		EED5CE3F22F5DD6800257AA1 /* AppManager.swift */ = {isa = PBXFileReference; lastKnownFileType = sourcecode.swift; path = AppManager.swift; sourceTree = "<group>"; };
		EED5CE4122F5F7E900257AA1 /* WeatherService.swift */ = {isa = PBXFileReference; lastKnownFileType = sourcecode.swift; path = WeatherService.swift; sourceTree = "<group>"; };
		EED5CE4322F6257B00257AA1 /* RecomendationItemViewController.swift */ = {isa = PBXFileReference; lastKnownFileType = sourcecode.swift; path = RecomendationItemViewController.swift; sourceTree = "<group>"; };
		EED5CE4722F631B900257AA1 /* WeatherResponse.swift */ = {isa = PBXFileReference; lastKnownFileType = sourcecode.swift; path = WeatherResponse.swift; sourceTree = "<group>"; };
		EED5CE4922F63AB500257AA1 /* HomeViewController.swift */ = {isa = PBXFileReference; lastKnownFileType = sourcecode.swift; path = HomeViewController.swift; sourceTree = "<group>"; };
		EED5CE4C22F6B47B00257AA1 /* EventTypePickerTableViewController.swift */ = {isa = PBXFileReference; lastKnownFileType = sourcecode.swift; path = EventTypePickerTableViewController.swift; sourceTree = "<group>"; };
		EEE1D48D22D2C52C00EF78D0 /* AffiliatesListViewController.swift */ = {isa = PBXFileReference; lastKnownFileType = sourcecode.swift; path = AffiliatesListViewController.swift; sourceTree = "<group>"; };
		EEE1D48F22D2C6BC00EF78D0 /* AffiliateTableViewCell.swift */ = {isa = PBXFileReference; lastKnownFileType = sourcecode.swift; path = AffiliateTableViewCell.swift; sourceTree = "<group>"; };
		EEE1D49722DBA28700EF78D0 /* ItemService.swift */ = {isa = PBXFileReference; lastKnownFileType = sourcecode.swift; path = ItemService.swift; sourceTree = "<group>"; };
		EEF6C8CD22EA02E400D62FC4 /* ItemsPictureViewController.swift */ = {isa = PBXFileReference; lastKnownFileType = sourcecode.swift; path = ItemsPictureViewController.swift; sourceTree = "<group>"; };
		EEF6C8CF22EBDED200D62FC4 /* UIStackView+RemoveAll.swift */ = {isa = PBXFileReference; lastKnownFileType = sourcecode.swift; path = "UIStackView+RemoveAll.swift"; sourceTree = "<group>"; };
		EEF855F42289FCDA005E5B5C /* DressAsistant.app */ = {isa = PBXFileReference; explicitFileType = wrapper.application; includeInIndex = 0; path = DressAsistant.app; sourceTree = BUILT_PRODUCTS_DIR; };
		EEF855F72289FCDA005E5B5C /* AppDelegate.swift */ = {isa = PBXFileReference; lastKnownFileType = sourcecode.swift; path = AppDelegate.swift; sourceTree = "<group>"; };
		EEF855FC2289FCDA005E5B5C /* Base */ = {isa = PBXFileReference; lastKnownFileType = file.storyboard; name = Base; path = Base.lproj/Main.storyboard; sourceTree = "<group>"; };
		EEF855FE2289FCDB005E5B5C /* Assets.xcassets */ = {isa = PBXFileReference; lastKnownFileType = folder.assetcatalog; path = Assets.xcassets; sourceTree = "<group>"; };
		EEF856012289FCDB005E5B5C /* Base */ = {isa = PBXFileReference; lastKnownFileType = file.storyboard; name = Base; path = Base.lproj/LaunchScreen.storyboard; sourceTree = "<group>"; };
		EEF856032289FCDB005E5B5C /* Info.plist */ = {isa = PBXFileReference; lastKnownFileType = text.plist.xml; path = Info.plist; sourceTree = "<group>"; };
		EEF856082289FCDB005E5B5C /* DressAsistantUITests.xctest */ = {isa = PBXFileReference; explicitFileType = wrapper.cfbundle; includeInIndex = 0; path = DressAsistantUITests.xctest; sourceTree = BUILT_PRODUCTS_DIR; };
		EEF8560C2289FCDC005E5B5C /* DressAsistantUITests.swift */ = {isa = PBXFileReference; lastKnownFileType = sourcecode.swift; path = DressAsistantUITests.swift; sourceTree = "<group>"; };
		EEF8560E2289FCDC005E5B5C /* Info.plist */ = {isa = PBXFileReference; lastKnownFileType = text.plist.xml; path = Info.plist; sourceTree = "<group>"; };
		EEF8566B228ADA04005E5B5C /* BaseNavigationViewController.swift */ = {isa = PBXFileReference; lastKnownFileType = sourcecode.swift; path = BaseNavigationViewController.swift; sourceTree = "<group>"; };
		EEF8566E228AF0DE005E5B5C /* CustomColor.swift */ = {isa = PBXFileReference; lastKnownFileType = sourcecode.swift; path = CustomColor.swift; sourceTree = "<group>"; };
/* End PBXFileReference section */

/* Begin PBXFrameworksBuildPhase section */
		EEF855F12289FCDA005E5B5C /* Frameworks */ = {
			isa = PBXFrameworksBuildPhase;
			buildActionMask = 2147483647;
			files = (
				EEC004142313254800827769 /* CoreNFC.framework in Frameworks */,
				6F0D16B4669BAFECA690FA09 /* Pods_DressAsistant.framework in Frameworks */,
			);
			runOnlyForDeploymentPostprocessing = 0;
		};
		EEF856052289FCDB005E5B5C /* Frameworks */ = {
			isa = PBXFrameworksBuildPhase;
			buildActionMask = 2147483647;
			files = (
				D4C3F2198A8F6DAFE6595EA3 /* Pods_DressAsistantUITests.framework in Frameworks */,
			);
			runOnlyForDeploymentPostprocessing = 0;
		};
/* End PBXFrameworksBuildPhase section */

/* Begin PBXGroup section */
		A5FADC2F02D8A4DEBBED8783 /* Frameworks */ = {
			isa = PBXGroup;
			children = (
				EEC004132313254800827769 /* CoreNFC.framework */,
				AA2CCBB023AA416F47224652 /* Pods_DressAsistant.framework */,
				19DC0707AD195C8CEEBC19C3 /* Pods_DressAsistantUITests.framework */,
			);
			name = Frameworks;
			sourceTree = "<group>";
		};
		EE55C72622E877CE0075803C /* Outfit */ = {
			isa = PBXGroup;
			children = (
				EE55C72722E878000075803C /* OutfitViewController.swift */,
				EE55C72B22E8E7CC0075803C /* OutfitsCollectionViewController.swift */,
				EE55C72D22E8EA570075803C /* OutfitCollectionViewCell.swift */,
				EEF6C8CD22EA02E400D62FC4 /* ItemsPictureViewController.swift */,
				EECB9BA422F0F7C600100234 /* OutfitsFilterTableViewController.swift */,
			);
			path = Outfit;
			sourceTree = "<group>";
		};
		EE56050F22AC91B600C0096B /* Errors */ = {
			isa = PBXGroup;
			children = (
				EE56051022AC91C500C0096B /* CustomErrors.swift */,
			);
			path = Errors;
			sourceTree = "<group>";
		};
		EE56051422ADC30F00C0096B /* Affiliate */ = {
			isa = PBXGroup;
			children = (
				EEACC07D22BBEB2E00C37990 /* OptionPicker */,
				EE56051522ADC33400C0096B /* Affiliate.storyboard */,
				EE56051722ADC7D500C0096B /* AffiliateViewController.swift */,
				EEA6702022D11D1B0002FE3D /* AffiliateCardViewController.swift */,
				EEE1D48D22D2C52C00EF78D0 /* AffiliatesListViewController.swift */,
				EEE1D48F22D2C6BC00EF78D0 /* AffiliateTableViewCell.swift */,
			);
			path = Affiliate;
			sourceTree = "<group>";
		};
		EE56051B22ADF1D400C0096B /* Models */ = {
			isa = PBXGroup;
			children = (
				EE56051C22ADF1E800C0096B /* Affiliate.swift */,
				EEACC07422B9CED600C37990 /* HairColor.swift */,
				EEACC07822BAAADD00C37990 /* EyeColor.swift */,
				EEA6701822D0E3A40002FE3D /* SkinColor.swift */,
				EECB329A22DC1263009D91BF /* Item.swift */,
				EED297E422E5257F00710814 /* Outfit.swift */,
				EED5CE4722F631B900257AA1 /* WeatherResponse.swift */,
			);
			path = Models;
			sourceTree = "<group>";
		};
		EE83C51F229558FB0046C43C /* Controllers */ = {
			isa = PBXGroup;
			children = (
				EED5CE4B22F6B45A00257AA1 /* Main */,
				EED5CE4622F6259900257AA1 /* User */,
				EED5CE4522F6257F00257AA1 /* Recomendation */,
				EE55C72622E877CE0075803C /* Outfit */,
				EE83C53C229978F30046C43C /* Base */,
				EE83C53F229985440046C43C /* FinderViewController.swift */,
				EE83C541229986830046C43C /* OptionDetailViewController.swift */,
				EEE1D49222DAA8C400EF78D0 /* Inventory */,
			);
			path = Controllers;
			sourceTree = "<group>";
		};
		EE83C5222298BC7B0046C43C /* Helpers */ = {
			isa = PBXGroup;
			children = (
				EEA6701522D0BC9F0002FE3D /* Format */,
				EE56050F22AC91B600C0096B /* Errors */,
				EE83C54D229B8BBC0046C43C /* Utilities.swift */,
				EE83C5232298BC820046C43C /* UIHelpers */,
				EE56050922AC706700C0096B /* ImageCache.swift */,
				EEACC07022B6FC5600C37990 /* ChoosePictureAlertViewController.swift */,
			);
			path = Helpers;
			sourceTree = "<group>";
		};
		EE83C5232298BC820046C43C /* UIHelpers */ = {
			isa = PBXGroup;
			children = (
				EE83C5242298BC9C0046C43C /* UIHelper.swift */,
				EEF8566E228AF0DE005E5B5C /* CustomColor.swift */,
				EE83C5262298F7EA0046C43C /* NotificationsName.swift */,
				EE83C54522998D450046C43C /* UIConstants.swift */,
				EEA6701A22D0E4210002FE3D /* UIColor+Hex.swift */,
			);
			path = UIHelpers;
			sourceTree = "<group>";
		};
		EE83C52C22996AB30046C43C /* Resources */ = {
			isa = PBXGroup;
			children = (
				EEAD790122AC06800060F3E6 /* GoogleService-Info.plist */,
				EE83C53122996EFF0046C43C /* Localizable.strings */,
			);
			path = Resources;
			sourceTree = "<group>";
		};
		EE83C53C229978F30046C43C /* Base */ = {
			isa = PBXGroup;
			children = (
				EEF8566B228ADA04005E5B5C /* BaseNavigationViewController.swift */,
				EE83C53D229979080046C43C /* BaseViewController.swift */,
			);
			path = Base;
			sourceTree = "<group>";
		};
		EE83C547229B81E00046C43C /* Views */ = {
			isa = PBXGroup;
			children = (
				EE83C549229B8B580046C43C /* ColumnFlowLayout.swift */,
				EE83C548229B8B580046C43C /* MosaicLayout.swift */,
				EEAD790522AC2B330060F3E6 /* RoundImageView.swift */,
				EE56050522AC660E00C0096B /* RoundedButton.swift */,
				EE56050B22AC721100C0096B /* AsyncImageView.swift */,
				EE56051222ADB58000C0096B /* LoadingView.swift */,
				EE56051922ADE48E00C0096B /* GradientView.swift */,
				EEA6701C22D1013C0002FE3D /* RoundedView.swift */,
				EED297E222E3E13800710814 /* ModalView.swift */,
				EEF6C8CF22EBDED200D62FC4 /* UIStackView+RemoveAll.swift */,
			);
			path = Views;
			sourceTree = "<group>";
		};
		EEA6701522D0BC9F0002FE3D /* Format */ = {
			isa = PBXGroup;
			children = (
			);
			path = Format;
			sourceTree = "<group>";
		};
		EEACC07D22BBEB2E00C37990 /* OptionPicker */ = {
			isa = PBXGroup;
			children = (
				EEACC07A22BBE81D00C37990 /* OptionPickerViewController.swift */,
				EEACC07E22BBEB4A00C37990 /* OptionCollectionViewCell.swift */,
				EEACC08022BBEF4C00C37990 /* Option.swift */,
			);
			path = OptionPicker;
			sourceTree = "<group>";
		};
		EEAD78FA22AAD9020060F3E6 /* AssistantSignUp */ = {
			isa = PBXGroup;
			children = (
				EE5604FF22AC3E7C00C0096B /* AssistantSignUp.storyboard */,
				EEAD78FB22AAD9350060F3E6 /* AssistantSignUpViewController.swift */,
				EEAD790322AC10550060F3E6 /* CreateAccountViewController.swift */,
			);
			path = AssistantSignUp;
			sourceTree = "<group>";
		};
		EEAD78FE22AB5BB00060F3E6 /* Services */ = {
			isa = PBXGroup;
			children = (
				EEAD78FF22AB5BCC0060F3E6 /* AuthService.swift */,
				EE56050722AC6A6A00C0096B /* UserService.swift */,
				EE56050D22AC72CB00C0096B /* FileService.swift */,
				EEACC06E22B6DE5B00C37990 /* AffiliateService.swift */,
				EEACC07222B873C000C37990 /* HairStyleService.swift */,
				EEACC07622BAAAA800C37990 /* EyeColorService.swift */,
				EEA6701622D0E35F0002FE3D /* SkinColorService.swift */,
				EEE1D49722DBA28700EF78D0 /* ItemService.swift */,
				EED297E622E52B1700710814 /* OutfitService.swift */,
				EED5CE4122F5F7E900257AA1 /* WeatherService.swift */,
			);
			path = Services;
			sourceTree = "<group>";
		};
		EED5CE3E22F5DD3A00257AA1 /* Managers */ = {
			isa = PBXGroup;
			children = (
				EED5CE3F22F5DD6800257AA1 /* AppManager.swift */,
			);
			path = Managers;
			sourceTree = "<group>";
		};
		EED5CE4522F6257F00257AA1 /* Recomendation */ = {
			isa = PBXGroup;
			children = (
				EED5CE4322F6257B00257AA1 /* RecomendationItemViewController.swift */,
				EE83C543229987100046C43C /* RecommendationViewController.swift */,
			);
			path = Recomendation;
			sourceTree = "<group>";
		};
		EED5CE4622F6259900257AA1 /* User */ = {
			isa = PBXGroup;
			children = (
				EE95C7BB22A067A6009BCFDA /* NewUserViewController.swift */,
			);
			path = User;
			sourceTree = "<group>";
		};
		EED5CE4B22F6B45A00257AA1 /* Main */ = {
			isa = PBXGroup;
			children = (
				EED5CE4922F63AB500257AA1 /* HomeViewController.swift */,
				EED5CE4C22F6B47B00257AA1 /* EventTypePickerTableViewController.swift */,
				EEF855FB2289FCDA005E5B5C /* Main.storyboard */,
				EEC004112312E51D00827769 /* SelectUserTypeViewController.swift */,
			);
			path = Main;
			sourceTree = "<group>";
		};
		EEE1D49122DAA89E00EF78D0 /* Protocols */ = {
			isa = PBXGroup;
			children = (
				EEA6701E22D10AF20002FE3D /* PhotoPickerDelegate.swift */,
				EECB329822DBF454009D91BF /* UIViewControllerScrollable.swift */,
			);
			path = Protocols;
			sourceTree = "<group>";
		};
		EEE1D49222DAA8C400EF78D0 /* Inventory */ = {
			isa = PBXGroup;
			children = (
				EE2C9FAE22DFA8BD00694032 /* NFCReaderViewController.swift */,
				EECB329C22DC1456009D91BF /* ItemViewController.swift */,
				EE83C5202295591D0046C43C /* ClothesDetailViewController.swift */,
				EECB329E22DCC7A3009D91BF /* InventoryViewController.swift */,
				EE2C9FAC22DF990D00694032 /* ItemCollectionViewCell.swift */,
				EE55C72922E8C1EC0075803C /* ItemsCollectionLayout.swift */,
			);
			path = Inventory;
			sourceTree = "<group>";
		};
		EEF855EB2289FCDA005E5B5C = {
			isa = PBXGroup;
			children = (
				EEF855F62289FCDA005E5B5C /* DressAsistant */,
				EEF8560B2289FCDB005E5B5C /* DressAsistantUITests */,
				EEF855F52289FCDA005E5B5C /* Products */,
				F5B89FA8C265364B634A6C82 /* Pods */,
				A5FADC2F02D8A4DEBBED8783 /* Frameworks */,
			);
			sourceTree = "<group>";
		};
		EEF855F52289FCDA005E5B5C /* Products */ = {
			isa = PBXGroup;
			children = (
				EEF855F42289FCDA005E5B5C /* DressAsistant.app */,
				EEF856082289FCDB005E5B5C /* DressAsistantUITests.xctest */,
			);
			name = Products;
			sourceTree = "<group>";
		};
		EEF855F62289FCDA005E5B5C /* DressAsistant */ = {
			isa = PBXGroup;
			children = (
				EED5CE3E22F5DD3A00257AA1 /* Managers */,
				EE56051B22ADF1D400C0096B /* Models */,
				EEAD78FE22AB5BB00060F3E6 /* Services */,
				EEAD78FD22AAE1AB0060F3E6 /* DressAsistant.entitlements */,
				EE83C52C22996AB30046C43C /* Resources */,
				EE83C5222298BC7B0046C43C /* Helpers */,
				EE83C547229B81E00046C43C /* Views */,
				EEE1D49122DAA89E00EF78D0 /* Protocols */,
				EE83C51F229558FB0046C43C /* Controllers */,
				EE56051422ADC30F00C0096B /* Affiliate */,
				EEAD78FA22AAD9020060F3E6 /* AssistantSignUp */,
				EEF8566D228AF0D0005E5B5C /* Constants */,
				EEF855F72289FCDA005E5B5C /* AppDelegate.swift */,
				EEC003A12311F31D00827769 /* ScannerViewController.swift */,
				EEF855FE2289FCDB005E5B5C /* Assets.xcassets */,
				EEF856002289FCDB005E5B5C /* LaunchScreen.storyboard */,
				EEF856032289FCDB005E5B5C /* Info.plist */,
			);
			path = DressAsistant;
			sourceTree = "<group>";
		};
		EEF8560B2289FCDB005E5B5C /* DressAsistantUITests */ = {
			isa = PBXGroup;
			children = (
				EEF8560C2289FCDC005E5B5C /* DressAsistantUITests.swift */,
				EEF8560E2289FCDC005E5B5C /* Info.plist */,
			);
			path = DressAsistantUITests;
			sourceTree = "<group>";
		};
		EEF8566D228AF0D0005E5B5C /* Constants */ = {
			isa = PBXGroup;
			children = (
			);
			path = Constants;
			sourceTree = "<group>";
		};
		F5B89FA8C265364B634A6C82 /* Pods */ = {
			isa = PBXGroup;
			children = (
				A48AD236D1B6D5E046922A68 /* Pods-DressAsistant.debug.xcconfig */,
				4038FA6893DA35F1C67AB3E0 /* Pods-DressAsistant.release.xcconfig */,
				1A3F34D6CF30EE7E75D549F5 /* Pods-DressAsistantUITests.debug.xcconfig */,
				BD27FA11FA46D90B784B3F4E /* Pods-DressAsistantUITests.release.xcconfig */,
			);
			path = Pods;
			sourceTree = "<group>";
		};
/* End PBXGroup section */

/* Begin PBXNativeTarget section */
		EEF855F32289FCDA005E5B5C /* DressAsistant */ = {
			isa = PBXNativeTarget;
			buildConfigurationList = EEF856112289FCDC005E5B5C /* Build configuration list for PBXNativeTarget "DressAsistant" */;
			buildPhases = (
				8D5425086F10D3B0593CAB2A /* [CP] Check Pods Manifest.lock */,
				EEF855F02289FCDA005E5B5C /* Sources */,
				EEF855F12289FCDA005E5B5C /* Frameworks */,
				EEF855F22289FCDA005E5B5C /* Resources */,
				EE95C7C122A2F098009BCFDA /* ShellScript */,
				BCDA921D601C11E3B9231736 /* [CP] Embed Pods Frameworks */,
			);
			buildRules = (
			);
			dependencies = (
			);
			name = DressAsistant;
			productName = DressAsistant;
			productReference = EEF855F42289FCDA005E5B5C /* DressAsistant.app */;
			productType = "com.apple.product-type.application";
		};
		EEF856072289FCDB005E5B5C /* DressAsistantUITests */ = {
			isa = PBXNativeTarget;
			buildConfigurationList = EEF856142289FCDC005E5B5C /* Build configuration list for PBXNativeTarget "DressAsistantUITests" */;
			buildPhases = (
				C3EDC396796B3B46C5650822 /* [CP] Check Pods Manifest.lock */,
				EEF856042289FCDB005E5B5C /* Sources */,
				EEF856052289FCDB005E5B5C /* Frameworks */,
				EEF856062289FCDB005E5B5C /* Resources */,
			);
			buildRules = (
			);
			dependencies = (
				EEF8560A2289FCDB005E5B5C /* PBXTargetDependency */,
			);
			name = DressAsistantUITests;
			productName = DressAsistantUITests;
			productReference = EEF856082289FCDB005E5B5C /* DressAsistantUITests.xctest */;
			productType = "com.apple.product-type.bundle.ui-testing";
		};
/* End PBXNativeTarget section */

/* Begin PBXProject section */
		EEF855EC2289FCDA005E5B5C /* Project object */ = {
			isa = PBXProject;
			attributes = {
				LastSwiftUpdateCheck = 1010;
				LastUpgradeCheck = 1010;
				ORGANIZATIONNAME = "Libranner Leonel Santos Espinal";
				TargetAttributes = {
					EEF855F32289FCDA005E5B5C = {
						CreatedOnToolsVersion = 10.1;
						SystemCapabilities = {
							com.apple.NearFieldCommunicationTagReading = {
								enabled = 1;
							};
							com.apple.SafariKeychain = {
								enabled = 1;
							};
						};
					};
					EEF856072289FCDB005E5B5C = {
						CreatedOnToolsVersion = 10.1;
						TestTargetID = EEF855F32289FCDA005E5B5C;
					};
				};
			};
			buildConfigurationList = EEF855EF2289FCDA005E5B5C /* Build configuration list for PBXProject "DressAsistant" */;
			compatibilityVersion = "Xcode 9.3";
			developmentRegion = en;
			hasScannedForEncodings = 0;
			knownRegions = (
				en,
				Base,
				es,
			);
			mainGroup = EEF855EB2289FCDA005E5B5C;
			productRefGroup = EEF855F52289FCDA005E5B5C /* Products */;
			projectDirPath = "";
			projectRoot = "";
			targets = (
				EEF855F32289FCDA005E5B5C /* DressAsistant */,
				EEF856072289FCDB005E5B5C /* DressAsistantUITests */,
			);
		};
/* End PBXProject section */

/* Begin PBXResourcesBuildPhase section */
		EEF855F22289FCDA005E5B5C /* Resources */ = {
			isa = PBXResourcesBuildPhase;
			buildActionMask = 2147483647;
			files = (
				EE56050422AC3F1B00C0096B /* AssistantSignUp.storyboard in Resources */,
				EEF856022289FCDB005E5B5C /* LaunchScreen.storyboard in Resources */,
				EE83C52F22996EFF0046C43C /* Localizable.strings in Resources */,
				EEF855FF2289FCDB005E5B5C /* Assets.xcassets in Resources */,
				EEF855FD2289FCDA005E5B5C /* Main.storyboard in Resources */,
				EE56051622ADC33400C0096B /* Affiliate.storyboard in Resources */,
				EEAD790222AC06800060F3E6 /* GoogleService-Info.plist in Resources */,
			);
			runOnlyForDeploymentPostprocessing = 0;
		};
		EEF856062289FCDB005E5B5C /* Resources */ = {
			isa = PBXResourcesBuildPhase;
			buildActionMask = 2147483647;
			files = (
			);
			runOnlyForDeploymentPostprocessing = 0;
		};
/* End PBXResourcesBuildPhase section */

/* Begin PBXShellScriptBuildPhase section */
		8D5425086F10D3B0593CAB2A /* [CP] Check Pods Manifest.lock */ = {
			isa = PBXShellScriptBuildPhase;
			buildActionMask = 2147483647;
			files = (
			);
			inputFileListPaths = (
			);
			inputPaths = (
				"${PODS_PODFILE_DIR_PATH}/Podfile.lock",
				"${PODS_ROOT}/Manifest.lock",
			);
			name = "[CP] Check Pods Manifest.lock";
			outputFileListPaths = (
			);
			outputPaths = (
				"$(DERIVED_FILE_DIR)/Pods-DressAsistant-checkManifestLockResult.txt",
			);
			runOnlyForDeploymentPostprocessing = 0;
			shellPath = /bin/sh;
			shellScript = "diff \"${PODS_PODFILE_DIR_PATH}/Podfile.lock\" \"${PODS_ROOT}/Manifest.lock\" > /dev/null\nif [ $? != 0 ] ; then\n    # print error to STDERR\n    echo \"error: The sandbox is not in sync with the Podfile.lock. Run 'pod install' or update your CocoaPods installation.\" >&2\n    exit 1\nfi\n# This output is used by Xcode 'outputs' to avoid re-running this script phase.\necho \"SUCCESS\" > \"${SCRIPT_OUTPUT_FILE_0}\"\n";
			showEnvVarsInLog = 0;
		};
		BCDA921D601C11E3B9231736 /* [CP] Embed Pods Frameworks */ = {
			isa = PBXShellScriptBuildPhase;
			buildActionMask = 2147483647;
			files = (
			);
			inputFileListPaths = (
				"${PODS_ROOT}/Target Support Files/Pods-DressAsistant/Pods-DressAsistant-frameworks-${CONFIGURATION}-input-files.xcfilelist",
			);
			name = "[CP] Embed Pods Frameworks";
			outputFileListPaths = (
				"${PODS_ROOT}/Target Support Files/Pods-DressAsistant/Pods-DressAsistant-frameworks-${CONFIGURATION}-output-files.xcfilelist",
			);
			runOnlyForDeploymentPostprocessing = 0;
			shellPath = /bin/sh;
			shellScript = "\"${PODS_ROOT}/Target Support Files/Pods-DressAsistant/Pods-DressAsistant-frameworks.sh\"\n";
			showEnvVarsInLog = 0;
		};
		C3EDC396796B3B46C5650822 /* [CP] Check Pods Manifest.lock */ = {
			isa = PBXShellScriptBuildPhase;
			buildActionMask = 2147483647;
			files = (
			);
			inputFileListPaths = (
			);
			inputPaths = (
				"${PODS_PODFILE_DIR_PATH}/Podfile.lock",
				"${PODS_ROOT}/Manifest.lock",
			);
			name = "[CP] Check Pods Manifest.lock";
			outputFileListPaths = (
			);
			outputPaths = (
				"$(DERIVED_FILE_DIR)/Pods-DressAsistantUITests-checkManifestLockResult.txt",
			);
			runOnlyForDeploymentPostprocessing = 0;
			shellPath = /bin/sh;
			shellScript = "diff \"${PODS_PODFILE_DIR_PATH}/Podfile.lock\" \"${PODS_ROOT}/Manifest.lock\" > /dev/null\nif [ $? != 0 ] ; then\n    # print error to STDERR\n    echo \"error: The sandbox is not in sync with the Podfile.lock. Run 'pod install' or update your CocoaPods installation.\" >&2\n    exit 1\nfi\n# This output is used by Xcode 'outputs' to avoid re-running this script phase.\necho \"SUCCESS\" > \"${SCRIPT_OUTPUT_FILE_0}\"\n";
			showEnvVarsInLog = 0;
		};
		EE95C7C122A2F098009BCFDA /* ShellScript */ = {
			isa = PBXShellScriptBuildPhase;
			buildActionMask = 2147483647;
			files = (
			);
			inputFileListPaths = (
			);
			inputPaths = (
			);
			outputFileListPaths = (
			);
			outputPaths = (
			);
			runOnlyForDeploymentPostprocessing = 0;
			shellPath = /bin/sh;
			shellScript = "# Type a script or drag a script file from your workspace to insert its path.\n\"${PODS_ROOT}/Fabric/run\" 2b90be4f25a390bdfd1e5dde484a90bb5bf7b8cc b5f1229a48c9c375904c49d322a87355030863a25fd6af54c21610a122ca8769\n";
		};
/* End PBXShellScriptBuildPhase section */

/* Begin PBXSourcesBuildPhase section */
		EEF855F02289FCDA005E5B5C /* Sources */ = {
			isa = PBXSourcesBuildPhase;
			buildActionMask = 2147483647;
			files = (
				EEA6701B22D0E4210002FE3D /* UIColor+Hex.swift in Sources */,
				EE56051822ADC7D500C0096B /* AffiliateViewController.swift in Sources */,
				EEA6701D22D1013C0002FE3D /* RoundedView.swift in Sources */,
				EED5CE4A22F63AB500257AA1 /* HomeViewController.swift in Sources */,
				EEF6C8CE22EA02E400D62FC4 /* ItemsPictureViewController.swift in Sources */,
				EE56050C22AC721100C0096B /* AsyncImageView.swift in Sources */,
				EE56051122AC91C500C0096B /* CustomErrors.swift in Sources */,
				EE56051A22ADE48E00C0096B /* GradientView.swift in Sources */,
				EE56050A22AC706700C0096B /* ImageCache.swift in Sources */,
				EEACC07522B9CED600C37990 /* HairColor.swift in Sources */,
				EED297E522E5257F00710814 /* Outfit.swift in Sources */,
				EEACC08122BBEF4C00C37990 /* Option.swift in Sources */,
				EEA6701F22D10AF20002FE3D /* PhotoPickerDelegate.swift in Sources */,
				EE55C72E22E8EA570075803C /* OutfitCollectionViewCell.swift in Sources */,
				EE83C5272298F7EA0046C43C /* NotificationsName.swift in Sources */,
				EEACC07922BAAADD00C37990 /* EyeColor.swift in Sources */,
				EEACC07122B6FC5600C37990 /* ChoosePictureAlertViewController.swift in Sources */,
				EED5CE4422F6257B00257AA1 /* RecomendationItemViewController.swift in Sources */,
				EEA6701722D0E35F0002FE3D /* SkinColorService.swift in Sources */,
				EEF855F82289FCDA005E5B5C /* AppDelegate.swift in Sources */,
				EE2C9FAF22DFA8BD00694032 /* NFCReaderViewController.swift in Sources */,
				EEE1D49022D2C6BC00EF78D0 /* AffiliateTableViewCell.swift in Sources */,
				EEACC06F22B6DE5B00C37990 /* AffiliateService.swift in Sources */,
				EE83C54E229B8BBC0046C43C /* Utilities.swift in Sources */,
				EEF8566F228AF0DE005E5B5C /* CustomColor.swift in Sources */,
				EE83C54A229B8B580046C43C /* MosaicLayout.swift in Sources */,
				EEACC07722BAAAA800C37990 /* EyeColorService.swift in Sources */,
				EED5CE4222F5F7E900257AA1 /* WeatherService.swift in Sources */,
				EEAD78FC22AAD9350060F3E6 /* AssistantSignUpViewController.swift in Sources */,
				EE55C72C22E8E7CC0075803C /* OutfitsCollectionViewController.swift in Sources */,
				EECB329B22DC1263009D91BF /* Item.swift in Sources */,
				EEAD790422AC10550060F3E6 /* CreateAccountViewController.swift in Sources */,
				EEC004122312E51D00827769 /* SelectUserTypeViewController.swift in Sources */,
				EEAD790622AC2B330060F3E6 /* RoundImageView.swift in Sources */,
				EE2C9FAD22DF990D00694032 /* ItemCollectionViewCell.swift in Sources */,
				EECB329922DBF454009D91BF /* UIViewControllerScrollable.swift in Sources */,
				EEACC07F22BBEB4A00C37990 /* OptionCollectionViewCell.swift in Sources */,
				EE56051322ADB58000C0096B /* LoadingView.swift in Sources */,
				EEF8566C228ADA04005E5B5C /* BaseNavigationViewController.swift in Sources */,
				EED5CE4D22F6B47B00257AA1 /* EventTypePickerTableViewController.swift in Sources */,
				EE83C540229985440046C43C /* FinderViewController.swift in Sources */,
				EE95C7BC22A067A6009BCFDA /* NewUserViewController.swift in Sources */,
				EE55C72822E878000075803C /* OutfitViewController.swift in Sources */,
				EE56050622AC660E00C0096B /* RoundedButton.swift in Sources */,
				EE83C542229986830046C43C /* OptionDetailViewController.swift in Sources */,
				EEE1D49822DBA28700EF78D0 /* ItemService.swift in Sources */,
				EE55C72A22E8C1EC0075803C /* ItemsCollectionLayout.swift in Sources */,
				EE83C5212295591D0046C43C /* ClothesDetailViewController.swift in Sources */,
				EE56050822AC6A6A00C0096B /* UserService.swift in Sources */,
				EECB329D22DC1456009D91BF /* ItemViewController.swift in Sources */,
				EECB329F22DCC7A3009D91BF /* InventoryViewController.swift in Sources */,
				EEACC07322B873C000C37990 /* HairStyleService.swift in Sources */,
				EEA6701922D0E3A40002FE3D /* SkinColor.swift in Sources */,
				EE56051D22ADF1E800C0096B /* Affiliate.swift in Sources */,
				EED5CE4022F5DD6800257AA1 /* AppManager.swift in Sources */,
				EE83C54B229B8B580046C43C /* ColumnFlowLayout.swift in Sources */,
				EEA6702122D11D1B0002FE3D /* AffiliateCardViewController.swift in Sources */,
				EEF6C8D022EBDED200D62FC4 /* UIStackView+RemoveAll.swift in Sources */,
				EE83C544229987100046C43C /* RecommendationViewController.swift in Sources */,
				EE83C54622998D450046C43C /* UIConstants.swift in Sources */,
				EED5CE4822F631B900257AA1 /* WeatherResponse.swift in Sources */,
				EEAD790022AB5BCC0060F3E6 /* AuthService.swift in Sources */,
				EE56050E22AC72CB00C0096B /* FileService.swift in Sources */,
				EED297E722E52B1700710814 /* OutfitService.swift in Sources */,
				EEC003A22311F31D00827769 /* ScannerViewController.swift in Sources */,
				EE83C53E229979080046C43C /* BaseViewController.swift in Sources */,
				EED297E322E3E13800710814 /* ModalView.swift in Sources */,
				EEACC07B22BBE81D00C37990 /* OptionPickerViewController.swift in Sources */,
				EE83C5252298BC9C0046C43C /* UIHelper.swift in Sources */,
				EECB9BA522F0F7C600100234 /* OutfitsFilterTableViewController.swift in Sources */,
				EEE1D48E22D2C52C00EF78D0 /* AffiliatesListViewController.swift in Sources */,
			);
			runOnlyForDeploymentPostprocessing = 0;
		};
		EEF856042289FCDB005E5B5C /* Sources */ = {
			isa = PBXSourcesBuildPhase;
			buildActionMask = 2147483647;
			files = (
				EEF8560D2289FCDC005E5B5C /* DressAsistantUITests.swift in Sources */,
			);
			runOnlyForDeploymentPostprocessing = 0;
		};
/* End PBXSourcesBuildPhase section */

/* Begin PBXTargetDependency section */
		EEF8560A2289FCDB005E5B5C /* PBXTargetDependency */ = {
			isa = PBXTargetDependency;
			target = EEF855F32289FCDA005E5B5C /* DressAsistant */;
			targetProxy = EEF856092289FCDB005E5B5C /* PBXContainerItemProxy */;
		};
/* End PBXTargetDependency section */

/* Begin PBXVariantGroup section */
		EE5604FF22AC3E7C00C0096B /* AssistantSignUp.storyboard */ = {
			isa = PBXVariantGroup;
			children = (
				EE5604FE22AC3E7C00C0096B /* Base */,
				EE56050122AC3EAD00C0096B /* en */,
				EE56050322AC3EAE00C0096B /* es */,
			);
			name = AssistantSignUp.storyboard;
			path = /Users/libranner/Desktop/Stuff/TFM/project/DressAsistant/DressAsistant/AssistantSignUp;
			sourceTree = "<absolute>";
		};
		EE83C53122996EFF0046C43C /* Localizable.strings */ = {
			isa = PBXVariantGroup;
			children = (
				EE83C53022996EFF0046C43C /* en */,
				EE83C53B229970E70046C43C /* es */,
			);
			name = Localizable.strings;
			sourceTree = "<group>";
		};
		EEF855FB2289FCDA005E5B5C /* Main.storyboard */ = {
			isa = PBXVariantGroup;
			children = (
				EEF855FC2289FCDA005E5B5C /* Base */,
				EE83C539229970E70046C43C /* es */,
			);
			name = Main.storyboard;
			sourceTree = "<group>";
		};
		EEF856002289FCDB005E5B5C /* LaunchScreen.storyboard */ = {
			isa = PBXVariantGroup;
			children = (
				EEF856012289FCDB005E5B5C /* Base */,
				EE83C53A229970E70046C43C /* es */,
			);
			name = LaunchScreen.storyboard;
			sourceTree = "<group>";
		};
/* End PBXVariantGroup section */

/* Begin XCBuildConfiguration section */
		EEF8560F2289FCDC005E5B5C /* Debug */ = {
			isa = XCBuildConfiguration;
			buildSettings = {
				ALWAYS_SEARCH_USER_PATHS = NO;
				CLANG_ANALYZER_LOCALIZABILITY_NONLOCALIZED = YES;
				CLANG_ANALYZER_NONNULL = YES;
				CLANG_ANALYZER_NUMBER_OBJECT_CONVERSION = YES_AGGRESSIVE;
				CLANG_CXX_LANGUAGE_STANDARD = "gnu++14";
				CLANG_CXX_LIBRARY = "libc++";
				CLANG_ENABLE_MODULES = YES;
				CLANG_ENABLE_OBJC_ARC = YES;
				CLANG_ENABLE_OBJC_WEAK = YES;
				CLANG_WARN_BLOCK_CAPTURE_AUTORELEASING = YES;
				CLANG_WARN_BOOL_CONVERSION = YES;
				CLANG_WARN_COMMA = YES;
				CLANG_WARN_CONSTANT_CONVERSION = YES;
				CLANG_WARN_DEPRECATED_OBJC_IMPLEMENTATIONS = YES;
				CLANG_WARN_DIRECT_OBJC_ISA_USAGE = YES_ERROR;
				CLANG_WARN_DOCUMENTATION_COMMENTS = YES;
				CLANG_WARN_EMPTY_BODY = YES;
				CLANG_WARN_ENUM_CONVERSION = YES;
				CLANG_WARN_INFINITE_RECURSION = YES;
				CLANG_WARN_INT_CONVERSION = YES;
				CLANG_WARN_NON_LITERAL_NULL_CONVERSION = YES;
				CLANG_WARN_OBJC_IMPLICIT_RETAIN_SELF = YES;
				CLANG_WARN_OBJC_LITERAL_CONVERSION = YES;
				CLANG_WARN_OBJC_ROOT_CLASS = YES_ERROR;
				CLANG_WARN_RANGE_LOOP_ANALYSIS = YES;
				CLANG_WARN_STRICT_PROTOTYPES = YES;
				CLANG_WARN_SUSPICIOUS_MOVE = YES;
				CLANG_WARN_UNGUARDED_AVAILABILITY = YES_AGGRESSIVE;
				CLANG_WARN_UNREACHABLE_CODE = YES;
				CLANG_WARN__DUPLICATE_METHOD_MATCH = YES;
				CODE_SIGN_IDENTITY = "iPhone Developer";
				COPY_PHASE_STRIP = NO;
				DEBUG_INFORMATION_FORMAT = dwarf;
				ENABLE_STRICT_OBJC_MSGSEND = YES;
				ENABLE_TESTABILITY = YES;
				GCC_C_LANGUAGE_STANDARD = gnu11;
				GCC_DYNAMIC_NO_PIC = NO;
				GCC_NO_COMMON_BLOCKS = YES;
				GCC_OPTIMIZATION_LEVEL = 0;
				GCC_PREPROCESSOR_DEFINITIONS = (
					"DEBUG=1",
					"$(inherited)",
				);
				GCC_WARN_64_TO_32_BIT_CONVERSION = YES;
				GCC_WARN_ABOUT_RETURN_TYPE = YES_ERROR;
				GCC_WARN_UNDECLARED_SELECTOR = YES;
				GCC_WARN_UNINITIALIZED_AUTOS = YES_AGGRESSIVE;
				GCC_WARN_UNUSED_FUNCTION = YES;
				GCC_WARN_UNUSED_VARIABLE = YES;
				IPHONEOS_DEPLOYMENT_TARGET = 12.1;
				MTL_ENABLE_DEBUG_INFO = INCLUDE_SOURCE;
				MTL_FAST_MATH = YES;
				ONLY_ACTIVE_ARCH = YES;
				SDKROOT = iphoneos;
				SWIFT_ACTIVE_COMPILATION_CONDITIONS = DEBUG;
				SWIFT_OPTIMIZATION_LEVEL = "-Onone";
			};
			name = Debug;
		};
		EEF856102289FCDC005E5B5C /* Release */ = {
			isa = XCBuildConfiguration;
			buildSettings = {
				ALWAYS_SEARCH_USER_PATHS = NO;
				CLANG_ANALYZER_LOCALIZABILITY_NONLOCALIZED = YES;
				CLANG_ANALYZER_NONNULL = YES;
				CLANG_ANALYZER_NUMBER_OBJECT_CONVERSION = YES_AGGRESSIVE;
				CLANG_CXX_LANGUAGE_STANDARD = "gnu++14";
				CLANG_CXX_LIBRARY = "libc++";
				CLANG_ENABLE_MODULES = YES;
				CLANG_ENABLE_OBJC_ARC = YES;
				CLANG_ENABLE_OBJC_WEAK = YES;
				CLANG_WARN_BLOCK_CAPTURE_AUTORELEASING = YES;
				CLANG_WARN_BOOL_CONVERSION = YES;
				CLANG_WARN_COMMA = YES;
				CLANG_WARN_CONSTANT_CONVERSION = YES;
				CLANG_WARN_DEPRECATED_OBJC_IMPLEMENTATIONS = YES;
				CLANG_WARN_DIRECT_OBJC_ISA_USAGE = YES_ERROR;
				CLANG_WARN_DOCUMENTATION_COMMENTS = YES;
				CLANG_WARN_EMPTY_BODY = YES;
				CLANG_WARN_ENUM_CONVERSION = YES;
				CLANG_WARN_INFINITE_RECURSION = YES;
				CLANG_WARN_INT_CONVERSION = YES;
				CLANG_WARN_NON_LITERAL_NULL_CONVERSION = YES;
				CLANG_WARN_OBJC_IMPLICIT_RETAIN_SELF = YES;
				CLANG_WARN_OBJC_LITERAL_CONVERSION = YES;
				CLANG_WARN_OBJC_ROOT_CLASS = YES_ERROR;
				CLANG_WARN_RANGE_LOOP_ANALYSIS = YES;
				CLANG_WARN_STRICT_PROTOTYPES = YES;
				CLANG_WARN_SUSPICIOUS_MOVE = YES;
				CLANG_WARN_UNGUARDED_AVAILABILITY = YES_AGGRESSIVE;
				CLANG_WARN_UNREACHABLE_CODE = YES;
				CLANG_WARN__DUPLICATE_METHOD_MATCH = YES;
				CODE_SIGN_IDENTITY = "iPhone Developer";
				COPY_PHASE_STRIP = NO;
				DEBUG_INFORMATION_FORMAT = "dwarf-with-dsym";
				ENABLE_NS_ASSERTIONS = NO;
				ENABLE_STRICT_OBJC_MSGSEND = YES;
				GCC_C_LANGUAGE_STANDARD = gnu11;
				GCC_NO_COMMON_BLOCKS = YES;
				GCC_WARN_64_TO_32_BIT_CONVERSION = YES;
				GCC_WARN_ABOUT_RETURN_TYPE = YES_ERROR;
				GCC_WARN_UNDECLARED_SELECTOR = YES;
				GCC_WARN_UNINITIALIZED_AUTOS = YES_AGGRESSIVE;
				GCC_WARN_UNUSED_FUNCTION = YES;
				GCC_WARN_UNUSED_VARIABLE = YES;
				IPHONEOS_DEPLOYMENT_TARGET = 12.1;
				MTL_ENABLE_DEBUG_INFO = NO;
				MTL_FAST_MATH = YES;
				SDKROOT = iphoneos;
				SWIFT_COMPILATION_MODE = wholemodule;
				SWIFT_OPTIMIZATION_LEVEL = "-O";
				VALIDATE_PRODUCT = YES;
			};
			name = Release;
		};
		EEF856122289FCDC005E5B5C /* Debug */ = {
			isa = XCBuildConfiguration;
			baseConfigurationReference = A48AD236D1B6D5E046922A68 /* Pods-DressAsistant.debug.xcconfig */;
			buildSettings = {
				ASSETCATALOG_COMPILER_APPICON_NAME = AppIcon;
				CODE_SIGN_ENTITLEMENTS = DressAsistant/DressAsistant.entitlements;
				CODE_SIGN_STYLE = Manual;
				DEVELOPMENT_TEAM = KH7D2YUBPG;
				INFOPLIST_FILE = DressAsistant/Info.plist;
				IPHONEOS_DEPLOYMENT_TARGET = 11.0;
				LD_RUNPATH_SEARCH_PATHS = (
					"$(inherited)",
					"@executable_path/Frameworks",
				);
				PRODUCT_BUNDLE_IDENTIFIER = com.libranner.dressasistant;
				PRODUCT_NAME = "$(TARGET_NAME)";
				PROVISIONING_PROFILE_SPECIFIER = DressAsistant;
				SWIFT_VERSION = 4.2;
				TARGETED_DEVICE_FAMILY = "1,2";
			};
			name = Debug;
		};
		EEF856132289FCDC005E5B5C /* Release */ = {
			isa = XCBuildConfiguration;
			baseConfigurationReference = 4038FA6893DA35F1C67AB3E0 /* Pods-DressAsistant.release.xcconfig */;
			buildSettings = {
				ASSETCATALOG_COMPILER_APPICON_NAME = AppIcon;
				CODE_SIGN_ENTITLEMENTS = DressAsistant/DressAsistant.entitlements;
				CODE_SIGN_STYLE = Manual;
				DEVELOPMENT_TEAM = KH7D2YUBPG;
				INFOPLIST_FILE = DressAsistant/Info.plist;
				IPHONEOS_DEPLOYMENT_TARGET = 11.0;
				LD_RUNPATH_SEARCH_PATHS = (
					"$(inherited)",
					"@executable_path/Frameworks",
				);
				PRODUCT_BUNDLE_IDENTIFIER = com.libranner.dressasistant;
				PRODUCT_NAME = "$(TARGET_NAME)";
				PROVISIONING_PROFILE_SPECIFIER = DressAsistant;
				SWIFT_VERSION = 4.2;
				TARGETED_DEVICE_FAMILY = "1,2";
			};
			name = Release;
		};
		EEF856152289FCDC005E5B5C /* Debug */ = {
			isa = XCBuildConfiguration;
			baseConfigurationReference = 1A3F34D6CF30EE7E75D549F5 /* Pods-DressAsistantUITests.debug.xcconfig */;
			buildSettings = {
				ALWAYS_EMBED_SWIFT_STANDARD_LIBRARIES = YES;
				CODE_SIGN_STYLE = Automatic;
				DEVELOPMENT_TEAM = TGA26CY25M;
				INFOPLIST_FILE = DressAsistantUITests/Info.plist;
				LD_RUNPATH_SEARCH_PATHS = (
					"$(inherited)",
					"@executable_path/Frameworks",
					"@loader_path/Frameworks",
				);
				PRODUCT_BUNDLE_IDENTIFIER = com.libranner.DressAsistantUITests;
				PRODUCT_NAME = "$(TARGET_NAME)";
				SWIFT_VERSION = 4.2;
				TARGETED_DEVICE_FAMILY = "1,2";
				TEST_TARGET_NAME = DressAsistant;
			};
			name = Debug;
		};
		EEF856162289FCDC005E5B5C /* Release */ = {
			isa = XCBuildConfiguration;
			baseConfigurationReference = BD27FA11FA46D90B784B3F4E /* Pods-DressAsistantUITests.release.xcconfig */;
			buildSettings = {
				ALWAYS_EMBED_SWIFT_STANDARD_LIBRARIES = YES;
				CODE_SIGN_STYLE = Automatic;
				DEVELOPMENT_TEAM = TGA26CY25M;
				INFOPLIST_FILE = DressAsistantUITests/Info.plist;
				LD_RUNPATH_SEARCH_PATHS = (
					"$(inherited)",
					"@executable_path/Frameworks",
					"@loader_path/Frameworks",
				);
				PRODUCT_BUNDLE_IDENTIFIER = com.libranner.DressAsistantUITests;
				PRODUCT_NAME = "$(TARGET_NAME)";
				SWIFT_VERSION = 4.2;
				TARGETED_DEVICE_FAMILY = "1,2";
				TEST_TARGET_NAME = DressAsistant;
			};
			name = Release;
		};
/* End XCBuildConfiguration section */

/* Begin XCConfigurationList section */
		EEF855EF2289FCDA005E5B5C /* Build configuration list for PBXProject "DressAsistant" */ = {
			isa = XCConfigurationList;
			buildConfigurations = (
				EEF8560F2289FCDC005E5B5C /* Debug */,
				EEF856102289FCDC005E5B5C /* Release */,
			);
			defaultConfigurationIsVisible = 0;
			defaultConfigurationName = Release;
		};
		EEF856112289FCDC005E5B5C /* Build configuration list for PBXNativeTarget "DressAsistant" */ = {
			isa = XCConfigurationList;
			buildConfigurations = (
				EEF856122289FCDC005E5B5C /* Debug */,
				EEF856132289FCDC005E5B5C /* Release */,
			);
			defaultConfigurationIsVisible = 0;
			defaultConfigurationName = Release;
		};
		EEF856142289FCDC005E5B5C /* Build configuration list for PBXNativeTarget "DressAsistantUITests" */ = {
			isa = XCConfigurationList;
			buildConfigurations = (
				EEF856152289FCDC005E5B5C /* Debug */,
				EEF856162289FCDC005E5B5C /* Release */,
			);
			defaultConfigurationIsVisible = 0;
			defaultConfigurationName = Release;
		};
/* End XCConfigurationList section */
	};
	rootObject = EEF855EC2289FCDA005E5B5C /* Project object */;
}
